
Microsoft Visual Studio Solution File, Format Version 11.00
# CopernicusIsolatedShell Solution File, Format Version 11.00
Project("{AC959CD1-5A2C-4306-BE72-259804B01F08}") = "Lettrage (In Development)", "YURZR4NBY.myproj", "{F8AD0F06-E45D-4D70-AD34-83A7204BFC16}"
EndProject
Global
	GlobalSection(SolutionConfigurationPlatforms) = preSolution
		Debug|x86 = Debug|x86
	EndGlobalSection
	GlobalSection(ProjectConfigurationPlatforms) = postSolution
		{F8AD0F06-E45D-4D70-AD34-83A7204BFC16}.Debug|x86.ActiveCfg = Debug|x86
		{F8AD0F06-E45D-4D70-AD34-83A7204BFC16}.Debug|x86.Build.0 = Debug|x86
	EndGlobalSection
	GlobalSection(SolutionProperties) = preSolution
		HideSolutionNode = FALSE
	EndGlobalSection
EndGlobal
